
Microsoft Visual Studio Solution File, Format Version 12.00
# Visual Studio Version 17
VisualStudioVersion = 17.11.35327.3
MinimumVisualStudioVersion = 10.0.40219.1
Project("{FAE04EC0-301F-11D3-BF4B-00C04F79EFBC}") = "RequestManagement.Server", "RequestManagement.Server\RequestManagement.Server.csproj", "{7D381C2B-D2BE-47CD-9B2B-1F972059F0EA}"
EndProject
Project("{FAE04EC0-301F-11D3-BF4B-00C04F79EFBC}") = "RequestManagement.Common", "RequestManagement.Common\RequestManagement.Common.csproj", "{FFAAA82D-563D-4DFD-A01F-CD4604B9CF0D}"
EndProject
Project("{FAE04EC0-301F-11D3-BF4B-00C04F79EFBC}") = "RequestManagement.WpfClient", "WpfClient\RequestManagement.WpfClient.csproj", "{956E5242-8E60-451A-A600-1F166726F487}"
EndProject
Project("{FAE04EC0-301F-11D3-BF4B-00C04F79EFBC}") = "RequestManagement.WarehouseScan", "RequestManagement.WarehouseScan\RequestManagement.WarehouseScan.csproj", "{2A7B81CC-A376-465F-8ADC-98DDF49DDB78}"
EndProject
Global
	GlobalSection(SolutionConfigurationPlatforms) = preSolution
		Debug|Any CPU = Debug|Any CPU
		Release|Any CPU = Release|Any CPU
	EndGlobalSection
	GlobalSection(ProjectConfigurationPlatforms) = postSolution
		{7D381C2B-D2BE-47CD-9B2B-1F972059F0EA}.Debug|Any CPU.ActiveCfg = Debug|Any CPU
		{7D381C2B-D2BE-47CD-9B2B-1F972059F0EA}.Debug|Any CPU.Build.0 = Debug|Any CPU
		{7D381C2B-D2BE-47CD-9B2B-1F972059F0EA}.Release|Any CPU.ActiveCfg = Release|Any CPU
		{7D381C2B-D2BE-47CD-9B2B-1F972059F0EA}.Release|Any CPU.Build.0 = Release|Any CPU
		{FFAAA82D-563D-4DFD-A01F-CD4604B9CF0D}.Debug|Any CPU.ActiveCfg = Debug|Any CPU
		{FFAAA82D-563D-4DFD-A01F-CD4604B9CF0D}.Debug|Any CPU.Build.0 = Debug|Any CPU
		{FFAAA82D-563D-4DFD-A01F-CD4604B9CF0D}.Release|Any CPU.ActiveCfg = Release|Any CPU
		{FFAAA82D-563D-4DFD-A01F-CD4604B9CF0D}.Release|Any CPU.Build.0 = Release|Any CPU
		{956E5242-8E60-451A-A600-1F166726F487}.Debug|Any CPU.ActiveCfg = Debug|Any CPU
		{956E5242-8E60-451A-A600-1F166726F487}.Debug|Any CPU.Build.0 = Debug|Any CPU
		{956E5242-8E60-451A-A600-1F166726F487}.Release|Any CPU.ActiveCfg = Release|Any CPU
		{956E5242-8E60-451A-A600-1F166726F487}.Release|Any CPU.Build.0 = Release|Any CPU
		{2A7B81CC-A376-465F-8ADC-98DDF49DDB78}.Debug|Any CPU.ActiveCfg = Debug|Any CPU
		{2A7B81CC-A376-465F-8ADC-98DDF49DDB78}.Debug|Any CPU.Build.0 = Debug|Any CPU
		{2A7B81CC-A376-465F-8ADC-98DDF49DDB78}.Debug|Any CPU.Deploy.0 = Debug|Any CPU
		{2A7B81CC-A376-465F-8ADC-98DDF49DDB78}.Release|Any CPU.ActiveCfg = Release|Any CPU
		{2A7B81CC-A376-465F-8ADC-98DDF49DDB78}.Release|Any CPU.Build.0 = Release|Any CPU
	EndGlobalSection
	GlobalSection(SolutionProperties) = preSolution
		HideSolutionNode = FALSE
	EndGlobalSection
	GlobalSection(ExtensibilityGlobals) = postSolution
		SolutionGuid = {1750ECD8-FBC1-445C-A240-6626093630F0}
	EndGlobalSection
EndGlobal
